
Microsoft Visual Studio Solution File, Format Version 12.00
# Visual Studio Version 17
VisualStudioVersion = 17.14.37027.9 d17.14
MinimumVisualStudioVersion = 10.0.40219.1
Project("{FAE04EC0-301F-11D3-BF4B-00C04F79EFBC}") = "Multiplayer Strategy Game Website API", "Multiplayer Strategy Game Website API.csproj", "{590976DF-1DE5-4534-96EF-E1652D6B01B3}"
EndProject
Global
	GlobalSection(SolutionConfigurationPlatforms) = preSolution
		Debug|Any CPU = Debug|Any CPU
		Release|Any CPU = Release|Any CPU
	EndGlobalSection
	GlobalSection(ProjectConfigurationPlatforms) = postSolution
		{590976DF-1DE5-4534-96EF-E1652D6B01B3}.Debug|Any CPU.ActiveCfg = Debug|Any CPU
		{590976DF-1DE5-4534-96EF-E1652D6B01B3}.Debug|Any CPU.Build.0 = Debug|Any CPU
		{590976DF-1DE5-4534-96EF-E1652D6B01B3}.Release|Any CPU.ActiveCfg = Release|Any CPU
		{590976DF-1DE5-4534-96EF-E1652D6B01B3}.Release|Any CPU.Build.0 = Release|Any CPU
	EndGlobalSection
	GlobalSection(SolutionProperties) = preSolution
		HideSolutionNode = FALSE
	EndGlobalSection
	GlobalSection(ExtensibilityGlobals) = postSolution
		SolutionGuid = {6C74F469-B616-464C-8C7E-D4A8F79DF31E}
	EndGlobalSection
EndGlobal
